<?xml version="1.0" encoding="utf-8"?>
<Project ToolsVersion="4.0" xmlns="http://schemas.microsoft.com/developer/msbuild/2003">
  <ItemGroup>
    <Filter Include="Source Files">
      <UniqueIdentifier>{4FC737F1-C7A5-4376-A066-2A32D752A2FF}</UniqueIdentifier>
      <Extensions>cpp;c;cc;cxx;def;odl;idl;hpj;bat;asm;asmx</Extensions>
    </Filter>
    <Filter Include="Header Files">
      <UniqueIdentifier>{93995380-89BD-4b04-88EB-625FBE52EBFB}</UniqueIdentifier>
      <Extensions>h;hh;hpp;hxx;hm;inl;inc;xsd</Extensions>
    </Filter>
    <Filter Include="Resource Files">
      <UniqueIdentifier>{67DA6AB6-F800-4c08-8B7A-83BB121AAD01}</UniqueIdentifier>
      <Extensions>rc;ico;cur;bmp;dlg;rc2;rct;bin;rgs;gif;jpg;jpeg;jpe;resx;tiff;tif;png;wav;mfcribbon-ms</Extensions>
    </Filter>
    <Filter Include="Header Files\DirectX">
      <UniqueIdentifier>{402d117e-bce2-46b9-8215-8ed143a83435}</UniqueIdentifier>
    </Filter>
    <Filter Include="Header Files\Microsoft">
      <UniqueIdentifier>{c3c857dd-4f1b-4464-8b62-43e6b559a174}</UniqueIdentifier>
    </Filter>
    <Filter Include="Header Files\Win32">
      <UniqueIdentifier>{3997584b-48b0-4557-a184-de54e74924ba}</UniqueIdentifier>
    </Filter>
    <Filter Include="Source Files\DirectX">
      <UniqueIdentifier>{8e7d0dae-fc53-45ba-9644-faf6fe967bf9}</UniqueIdentifier>
    </Filter>
    <Filter Include="Source Files\Microsoft">
      <UniqueIdentifier>{30b43dab-b248-4da9-a544-1e98b7135aa4}</UniqueIdentifier>
    </Filter>
    <Filter Include="Source Files\Win32">
      <UniqueIdentifier>{5dcfdb14-153d-4aaf-bb5f-860e3f616072}</UniqueIdentifier>
    </Filter>
  </ItemGroup>
  <ItemGroup>
    <Text Include="ReadMe.txt" />
    <Text Include="source\hsGLFontUtilities.txt">
      <Filter>Source Files</Filter>
    </Text>
    <Text Include="source\hsRandomUtilities.txt">
      <Filter>Source Files</Filter>
    </Text>
    <Text Include="source\hsVectorUtilities.txt">
      <Filter>Source Files</Filter>
    </Text>
  </ItemGroup>
  <ItemGroup>
    <ClInclude Include="include\hsARP.h">
      <Filter>Header Files</Filter>
    </ClInclude>
    <ClInclude Include="include\hsBitwise.h">
      <Filter>Header Files</Filter>
    </ClInclude>
    <ClInclude Include="include\hsChecksum.h">
      <Filter>Header Files</Filter>
    </ClInclude>
    <ClInclude Include="include\hsCOM.h">
      <Filter>Header Files</Filter>
    </ClInclude>
    <ClInclude Include="include\hsConvert.h">
      <Filter>Header Files</Filter>
    </ClInclude>
    <ClInclude Include="include\hsConvertUtilities.h">
      <Filter>Header Files</Filter>
    </ClInclude>
    <ClInclude Include="include\hsCrypt.h">
      <Filter>Header Files</Filter>
    </ClInclude>
    <ClInclude Include="include\hsDefinitions.h">
      <Filter>Header Files</Filter>
    </ClInclude>
    <ClInclude Include="include\hsDES.h">
      <Filter>Header Files</Filter>
    </ClInclude>
    <ClInclude Include="include\hsDS.h">
      <Filter>Header Files</Filter>
    </ClInclude>
    <ClInclude Include="include\hsErrors.h">
      <Filter>Header Files</Filter>
    </ClInclude>
    <ClInclude Include="include\hsEthernet.h">
      <Filter>Header Files</Filter>
    </ClInclude>
    <ClInclude Include="include\hsGLFontUtilities.h">
      <Filter>Header Files</Filter>
    </ClInclude>
    <ClInclude Include="include\hsHash.h">
      <Filter>Header Files</Filter>
    </ClInclude>
    <ClInclude Include="include\hsIPv4.h">
      <Filter>Header Files</Filter>
    </ClInclude>
    <ClInclude Include="include\hsLFSR.h">
      <Filter>Header Files</Filter>
    </ClInclude>
    <ClInclude Include="include\hsLPrime.h">
      <Filter>Header Files</Filter>
    </ClInclude>
    <ClInclude Include="include\hsMath.h">
      <Filter>Header Files</Filter>
    </ClInclude>
    <ClInclude Include="include\hsMemory.h">
      <Filter>Header Files</Filter>
    </ClInclude>
    <ClInclude Include="include\hsModule.h">
      <Filter>Header Files</Filter>
    </ClInclude>
    <ClInclude Include="include\hsNetwork.h">
      <Filter>Header Files</Filter>
    </ClInclude>
    <ClInclude Include="include\hsPrime.h">
      <Filter>Header Files</Filter>
    </ClInclude>
    <ClInclude Include="include\hsRandomUtilities.h">
      <Filter>Header Files</Filter>
    </ClInclude>
    <ClInclude Include="include\hsRNG.h">
      <Filter>Header Files</Filter>
    </ClInclude>
    <ClInclude Include="include\hsRSA.h">
      <Filter>Header Files</Filter>
    </ClInclude>
    <ClInclude Include="include\hsStat.h">
      <Filter>Header Files</Filter>
    </ClInclude>
    <ClInclude Include="include\hsThread.h">
      <Filter>Header Files</Filter>
    </ClInclude>
    <ClInclude Include="include\hsTSTD.h">
      <Filter>Header Files</Filter>
    </ClInclude>
    <ClInclude Include="include\hsTypes.h">
      <Filter>Header Files</Filter>
    </ClInclude>
    <ClInclude Include="include\hsUnicode.h">
      <Filter>Header Files</Filter>
    </ClInclude>
    <ClInclude Include="include\hsUtilities.h">
      <Filter>Header Files</Filter>
    </ClInclude>
    <ClInclude Include="include\hsVector.h">
      <Filter>Header Files</Filter>
    </ClInclude>
    <ClInclude Include="include\hsWinsock.h">
      <Filter>Header Files</Filter>
    </ClInclude>
    <ClInclude Include="include\DirectX\hsDirectDraw.h">
      <Filter>Header Files\DirectX</Filter>
    </ClInclude>
    <ClInclude Include="include\DirectX\hsDirectMusic.h">
      <Filter>Header Files\DirectX</Filter>
    </ClInclude>
    <ClInclude Include="include\DirectX\hsDirectSound.h">
      <Filter>Header Files\DirectX</Filter>
    </ClInclude>
    <ClInclude Include="include\DirectX\hsDirectX.h">
      <Filter>Header Files\DirectX</Filter>
    </ClInclude>
    <ClInclude Include="include\DirectX\hsPCMWave.h">
      <Filter>Header Files\DirectX</Filter>
    </ClInclude>
    <ClInclude Include="include\DirectX\hsWin32NotifyHandlers.h">
      <Filter>Header Files\DirectX</Filter>
    </ClInclude>
    <ClInclude Include="include\Microsoft\Excel.h">
      <Filter>Header Files\Microsoft</Filter>
    </ClInclude>
    <ClInclude Include="include\Microsoft\hsMSWord.h">
      <Filter>Header Files\Microsoft</Filter>
    </ClInclude>
    <ClInclude Include="include\Win32\hsControls.h">
      <Filter>Header Files\Win32</Filter>
    </ClInclude>
    <ClInclude Include="include\Win32\hsDialog.h">
      <Filter>Header Files\Win32</Filter>
    </ClInclude>
    <ClInclude Include="include\Win32\hsDialogProcedures.h">
      <Filter>Header Files\Win32</Filter>
    </ClInclude>
    <ClInclude Include="include\Win32\hsError.h">
      <Filter>Header Files\Win32</Filter>
    </ClInclude>
    <ClInclude Include="include\Win32\hsMessageProcessing.h">
      <Filter>Header Files\Win32</Filter>
    </ClInclude>
    <ClInclude Include="include\Win32\hsProcessData.h">
      <Filter>Header Files\Win32</Filter>
    </ClInclude>
    <ClInclude Include="include\Win32\hsSysTray.h">
      <Filter>Header Files\Win32</Filter>
    </ClInclude>
    <ClInclude Include="include\Win32\hsVKey.h">
      <Filter>Header Files\Win32</Filter>
    </ClInclude>
    <ClInclude Include="include\Win32\hsWin32.h">
      <Filter>Header Files\Win32</Filter>
    </ClInclude>
    <ClInclude Include="include\Win32\hsWindowProcedures.h">
      <Filter>Header Files\Win32</Filter>
    </ClInclude>
  </ItemGroup>
  <ItemGroup>
    <ClCompile Include="source\hsAES.cpp">
      <Filter>Source Files</Filter>
    </ClCompile>
    <ClCompile Include="source\hsARP.cpp">
      <Filter>Source Files</Filter>
    </ClCompile>
    <ClCompile Include="source\hsBitwise.cpp">
      <Filter>Source Files</Filter>
    </ClCompile>
    <ClCompile Include="source\hsChecksum.cpp">
      <Filter>Source Files</Filter>
    </ClCompile>
    <ClCompile Include="source\hsCOM.cpp">
      <Filter>Source Files</Filter>
    </ClCompile>
    <ClCompile Include="source\hsConvert.cpp">
      <Filter>Source Files</Filter>
    </ClCompile>
    <ClCompile Include="source\hsConvertUtilities.cpp">
      <Filter>Source Files</Filter>
    </ClCompile>
    <ClCompile Include="source\hsCrypt.cpp">
      <Filter>Source Files</Filter>
    </ClCompile>
    <ClCompile Include="source\hsDES.cpp">
      <Filter>Source Files</Filter>
    </ClCompile>
    <ClCompile Include="source\hsDS.cpp">
      <Filter>Source Files</Filter>
    </ClCompile>
    <ClCompile Include="source\hsEthernet.cpp">
      <Filter>Source Files</Filter>
    </ClCompile>
    <ClCompile Include="source\hsGLFontUtilities.cpp">
      <Filter>Source Files</Filter>
    </ClCompile>
    <ClCompile Include="source\hsGOST.cpp">
      <Filter>Source Files</Filter>
    </ClCompile>
    <ClCompile Include="source\hsHash.cpp">
      <Filter>Source Files</Filter>
    </ClCompile>
    <ClCompile Include="source\hsIPv4.cpp">
      <Filter>Source Files</Filter>
    </ClCompile>
    <ClCompile Include="source\hsLFSR.cpp">
      <Filter>Source Files</Filter>
    </ClCompile>
    <ClCompile Include="source\hsLPrime.cpp">
      <Filter>Source Files</Filter>
    </ClCompile>
    <ClCompile Include="source\hsMath.cpp">
      <Filter>Source Files</Filter>
    </ClCompile>
    <ClCompile Include="source\hsModule.cpp">
      <Filter>Source Files</Filter>
    </ClCompile>
    <ClCompile Include="source\hsNetwork.cpp">
      <Filter>Source Files</Filter>
    </ClCompile>
    <ClCompile Include="source\hsPrime.cpp">
      <Filter>Source Files</Filter>
    </ClCompile>
    <ClCompile Include="source\hsRandomUtilities.cpp">
      <Filter>Source Files</Filter>
    </ClCompile>
    <ClCompile Include="source\hsRNG.cpp">
      <Filter>Source Files</Filter>
    </ClCompile>
    <ClCompile Include="source\hsRSA.cpp">
      <Filter>Source Files</Filter>
    </ClCompile>
    <ClCompile Include="source\hsStat.cpp">
      <Filter>Source Files</Filter>
    </ClCompile>
    <ClCompile Include="source\hsThread.cpp">
      <Filter>Source Files</Filter>
    </ClCompile>
    <ClCompile Include="source\hsUtilities.cpp">
      <Filter>Source Files</Filter>
    </ClCompile>
    <ClCompile Include="source\hsVectorUtilities.cpp">
      <Filter>Source Files</Filter>
    </ClCompile>
    <ClCompile Include="source\hsWinsock.cpp">
      <Filter>Source Files</Filter>
    </ClCompile>
    <ClCompile Include="source\DirectX\hsDirectDraw.cpp">
      <Filter>Source Files\DirectX</Filter>
    </ClCompile>
    <ClCompile Include="source\DirectX\hsDirectMusic.cpp">
      <Filter>Source Files\DirectX</Filter>
    </ClCompile>
    <ClCompile Include="source\DirectX\hsDirectSound.cpp">
      <Filter>Source Files\DirectX</Filter>
    </ClCompile>
    <ClCompile Include="source\DirectX\hsPCMWave.cpp">
      <Filter>Source Files\DirectX</Filter>
    </ClCompile>
    <ClCompile Include="source\DirectX\hsWin32NotifyHandlers.cpp">
      <Filter>Source Files\DirectX</Filter>
    </ClCompile>
    <ClCompile Include="source\Microsoft\Excel.cpp">
      <Filter>Source Files\Microsoft</Filter>
    </ClCompile>
    <ClCompile Include="source\Microsoft\hsMSWord.cpp">
      <Filter>Source Files\Microsoft</Filter>
    </ClCompile>
    <ClCompile Include="source\Win32\hsControls.cpp">
      <Filter>Source Files\Win32</Filter>
    </ClCompile>
    <ClCompile Include="source\Win32\hsDialog.cpp">
      <Filter>Source Files\Win32</Filter>
    </ClCompile>
    <ClCompile Include="source\Win32\hsDialogProcedure.cpp">
      <Filter>Source Files\Win32</Filter>
    </ClCompile>
    <ClCompile Include="source\Win32\hsMessageProcessing.cpp">
      <Filter>Source Files\Win32</Filter>
    </ClCompile>
    <ClCompile Include="source\Win32\hsProcessData.cpp">
      <Filter>Source Files\Win32</Filter>
    </ClCompile>
    <ClCompile Include="source\Win32\hsSysTray.cpp">
      <Filter>Source Files\Win32</Filter>
    </ClCompile>
    <ClCompile Include="source\Win32\hsWindowProcedure.cpp">
      <Filter>Source Files\Win32</Filter>
    </ClCompile>
    <ClCompile Include="source\Win32\hsWinMain.cpp">
      <Filter>Source Files\Win32</Filter>
    </ClCompile>
  </ItemGroup>
</Project>