<?xml version="1.0" encoding="utf-8"?>
<Project ToolsVersion="4.0" xmlns="http://schemas.microsoft.com/developer/msbuild/2003">
  <ItemGroup>
    <Filter Include="Source Files">
      <UniqueIdentifier>{4FC737F1-C7A5-4376-A066-2A32D752A2FF}</UniqueIdentifier>
      <Extensions>cpp;c;cc;cxx;def;odl;idl;hpj;bat;asm;asmx</Extensions>
    </Filter>
    <Filter Include="Header Files">
      <UniqueIdentifier>{93995380-89BD-4b04-88EB-625FBE52EBFB}</UniqueIdentifier>
      <Extensions>h;hh;hpp;hxx;hm;inl;inc;xsd</Extensions>
    </Filter>
    <Filter Include="Resource Files">
      <UniqueIdentifier>{67DA6AB6-F800-4c08-8B7A-83BB121AAD01}</UniqueIdentifier>
      <Extensions>rc;ico;cur;bmp;dlg;rc2;rct;bin;rgs;gif;jpg;jpeg;jpe;resx;tiff;tif;png;wav;mfcribbon-ms</Extensions>
    </Filter>
    <Filter Include="Source Files\filesystem">
      <UniqueIdentifier>{31fdc4f2-ace7-4341-b2b1-4db74f3d0ec8}</UniqueIdentifier>
    </Filter>
    <Filter Include="Source Files\RAII">
      <UniqueIdentifier>{8a56c10a-eff1-4b85-9525-a1c9b346495c}</UniqueIdentifier>
    </Filter>
    <Filter Include="Source Files\exception">
      <UniqueIdentifier>{f65310bd-52b6-4b3f-ba19-33fa85da9f3a}</UniqueIdentifier>
    </Filter>
    <Filter Include="Header Files\exception">
      <UniqueIdentifier>{77bfb272-6487-4cbf-b940-062a62750aa8}</UniqueIdentifier>
    </Filter>
    <Filter Include="Header Files\filesystem">
      <UniqueIdentifier>{af97ebaa-cd70-4d71-a47f-f4d4a64d8ea9}</UniqueIdentifier>
    </Filter>
    <Filter Include="Header Files\RAII">
      <UniqueIdentifier>{1e025d74-36cd-4744-a46a-d96dbea21633}</UniqueIdentifier>
    </Filter>
    <Filter Include="Source Files\dll">
      <UniqueIdentifier>{9688730b-97cb-4c84-9b71-2e03326645c5}</UniqueIdentifier>
    </Filter>
    <Filter Include="Source Files\UI">
      <UniqueIdentifier>{629512a0-5b16-4085-ade7-d5f3a0ddd331}</UniqueIdentifier>
    </Filter>
  </ItemGroup>
  <ItemGroup>
    <Text Include="ReadMe.txt" />
    <Text Include="Backlog.txt" />
  </ItemGroup>
  <ItemGroup>
    <ClInclude Include="include\cryptography.h">
      <Filter>Header Files</Filter>
    </ClInclude>
    <ClInclude Include="include\random.h">
      <Filter>Header Files</Filter>
    </ClInclude>
    <ClInclude Include="include\exception\failure.h">
      <Filter>Header Files\exception</Filter>
    </ClInclude>
    <ClInclude Include="include\exception\operation_failure.h">
      <Filter>Header Files\exception</Filter>
    </ClInclude>
    <ClInclude Include="include\exception\system_failure.h">
      <Filter>Header Files\exception</Filter>
    </ClInclude>
    <ClInclude Include="include\exception\windows_api_failure.h">
      <Filter>Header Files\exception</Filter>
    </ClInclude>
    <ClInclude Include="include\filesystem\crt_file.h">
      <Filter>Header Files\filesystem</Filter>
    </ClInclude>
    <ClInclude Include="include\filesystem\crt_file_system.h">
      <Filter>Header Files\filesystem</Filter>
    </ClInclude>
    <ClInclude Include="include\filesystem\driver.h">
      <Filter>Header Files\filesystem</Filter>
    </ClInclude>
    <ClInclude Include="include\filesystem\file.h">
      <Filter>Header Files\filesystem</Filter>
    </ClInclude>
    <ClInclude Include="include\filesystem\filesystem.h">
      <Filter>Header Files\filesystem</Filter>
    </ClInclude>
    <ClInclude Include="include\filesystem\split_path.h">
      <Filter>Header Files\filesystem</Filter>
    </ClInclude>
    <ClInclude Include="include\RAII\invalid_parameter_handler.h">
      <Filter>Header Files\RAII</Filter>
    </ClInclude>
    <ClInclude Include="include\RAII\crt_heap_memory.h">
      <Filter>Header Files\RAII</Filter>
    </ClInclude>
  </ItemGroup>
  <ItemGroup>
    <ClCompile Include="source\cryptography.cpp">
      <Filter>Source Files</Filter>
    </ClCompile>
    <ClCompile Include="source\filesystem\crt_file_system.cpp">
      <Filter>Source Files\filesystem</Filter>
    </ClCompile>
    <ClCompile Include="source\filesystem\split_path.cpp">
      <Filter>Source Files\filesystem</Filter>
    </ClCompile>
    <ClCompile Include="source\filesystem\crt_file.cpp">
      <Filter>Source Files\filesystem</Filter>
    </ClCompile>
    <ClCompile Include="source\filesystem\file.cpp">
      <Filter>Source Files\filesystem</Filter>
    </ClCompile>
    <ClCompile Include="source\filesystem\filesystem.cpp">
      <Filter>Source Files\filesystem</Filter>
    </ClCompile>
    <ClCompile Include="source\filesystem\driver.cpp">
      <Filter>Source Files\filesystem</Filter>
    </ClCompile>
    <ClCompile Include="source\RAII\invalid_parameter_handler.cpp">
      <Filter>Source Files\RAII</Filter>
    </ClCompile>
    <ClCompile Include="source\exception\windows_api_failure.cpp">
      <Filter>Source Files\exception</Filter>
    </ClCompile>
    <ClCompile Include="source\exception\operation_failure.cpp">
      <Filter>Source Files\exception</Filter>
    </ClCompile>
    <ClCompile Include="source\exception\system_failure.cpp">
      <Filter>Source Files\exception</Filter>
    </ClCompile>
    <ClCompile Include="source\exception\failure.cpp">
      <Filter>Source Files\exception</Filter>
    </ClCompile>
    <ClCompile Include="source\random.cpp">
      <Filter>Source Files</Filter>
    </ClCompile>
    <ClCompile Include="source\registry.cpp">
      <Filter>Source Files</Filter>
    </ClCompile>
    <ClCompile Include="source\registry_key.cpp">
      <Filter>Source Files</Filter>
    </ClCompile>
    <ClCompile Include="source\windows_registry.cpp">
      <Filter>Source Files</Filter>
    </ClCompile>
    <ClCompile Include="source\load_string.cpp">
      <Filter>Source Files</Filter>
    </ClCompile>
    <ClCompile Include="source\module_context.cpp">
      <Filter>Source Files</Filter>
    </ClCompile>
    <ClCompile Include="source\windows_registry_key.cpp">
      <Filter>Source Files</Filter>
    </ClCompile>
    <ClCompile Include="source\dll\get_module_handle.cpp">
      <Filter>Source Files\dll</Filter>
    </ClCompile>
    <ClCompile Include="source\md5.cpp">
      <Filter>Source Files</Filter>
    </ClCompile>
    <ClCompile Include="source\RAII\windows_registry_key_handle.cpp">
      <Filter>Source Files\RAII</Filter>
    </ClCompile>
    <ClCompile Include="source\filesystem\file_progress_handler.cpp">
      <Filter>Source Files\filesystem</Filter>
    </ClCompile>
    <ClCompile Include="source\filesystem\ordinary_file_remover.cpp">
      <Filter>Source Files\filesystem</Filter>
    </ClCompile>
    <ClCompile Include="source\filesystem\simple_overwrite_wiper.cpp">
      <Filter>Source Files\filesystem</Filter>
    </ClCompile>
    <ClCompile Include="source\filesystem\wiper.cpp">
      <Filter>Source Files\filesystem</Filter>
    </ClCompile>
    <ClCompile Include="source\RAII\com_initializer.cpp">
      <Filter>Source Files\RAII</Filter>
    </ClCompile>
    <ClCompile Include="source\RAII\com_task_memory.cpp">
      <Filter>Source Files\RAII</Filter>
    </ClCompile>
    <ClCompile Include="source\filesystem\directory_control.cpp">
      <Filter>Source Files\filesystem</Filter>
    </ClCompile>
    <ClCompile Include="source\format_string.cpp">
      <Filter>Source Files</Filter>
    </ClCompile>
    <ClCompile Include="source\filesystem\crt_directory_control.cpp">
      <Filter>Source Files\filesystem</Filter>
    </ClCompile>
    <ClCompile Include="source\exception\com_failure.cpp">
      <Filter>Source Files\exception</Filter>
    </ClCompile>
    <ClCompile Include="source\RAII\crt_heap_memory.cpp">
      <Filter>Source Files\RAII</Filter>
    </ClCompile>
    <ClCompile Include="source\RAII\variable_argument_list.cpp">
      <Filter>Source Files\RAII</Filter>
    </ClCompile>
    <ClCompile Include="source\RAII\local_memory.cpp">
      <Filter>Source Files\RAII</Filter>
    </ClCompile>
    <ClCompile Include="source\UI\controls.cpp">
      <Filter>Source Files\UI</Filter>
    </ClCompile>
    <ClCompile Include="source\convert.cpp">
      <Filter>Source Files</Filter>
    </ClCompile>
  </ItemGroup>
</Project>