<?xml version="1.0" encoding="utf-8"?>
<Project ToolsVersion="4.0" xmlns="http://schemas.microsoft.com/developer/msbuild/2003">
  <ItemGroup>
    <Filter Include="Source Files">
      <UniqueIdentifier>{4FC737F1-C7A5-4376-A066-2A32D752A2FF}</UniqueIdentifier>
      <Extensions>cpp;c;cc;cxx;def;odl;idl;hpj;bat;asm;asmx</Extensions>
    </Filter>
    <Filter Include="Header Files">
      <UniqueIdentifier>{93995380-89BD-4b04-88EB-625FBE52EBFB}</UniqueIdentifier>
      <Extensions>h;hh;hpp;hxx;hm;inl;inc;xsd</Extensions>
    </Filter>
    <Filter Include="Resource Files">
      <UniqueIdentifier>{67DA6AB6-F800-4c08-8B7A-83BB121AAD01}</UniqueIdentifier>
      <Extensions>rc;ico;cur;bmp;dlg;rc2;rct;bin;rgs;gif;jpg;jpeg;jpe;resx;tiff;tif;png;wav;mfcribbon-ms</Extensions>
    </Filter>
    <Filter Include="Source Files\filesystem">
      <UniqueIdentifier>{31fdc4f2-ace7-4341-b2b1-4db74f3d0ec8}</UniqueIdentifier>
    </Filter>
    <Filter Include="Source Files\RAII">
      <UniqueIdentifier>{8a56c10a-eff1-4b85-9525-a1c9b346495c}</UniqueIdentifier>
    </Filter>
    <Filter Include="Source Files\exception">
      <UniqueIdentifier>{f65310bd-52b6-4b3f-ba19-33fa85da9f3a}</UniqueIdentifier>
    </Filter>
    <Filter Include="Header Files\exception">
      <UniqueIdentifier>{77bfb272-6487-4cbf-b940-062a62750aa8}</UniqueIdentifier>
    </Filter>
    <Filter Include="Header Files\filesystem">
      <UniqueIdentifier>{af97ebaa-cd70-4d71-a47f-f4d4a64d8ea9}</UniqueIdentifier>
    </Filter>
    <Filter Include="Header Files\RAII">
      <UniqueIdentifier>{1e025d74-36cd-4744-a46a-d96dbea21633}</UniqueIdentifier>
    </Filter>
    <Filter Include="Source Files\dll">
      <UniqueIdentifier>{9688730b-97cb-4c84-9b71-2e03326645c5}</UniqueIdentifier>
    </Filter>
    <Filter Include="Source Files\UI">
      <UniqueIdentifier>{629512a0-5b16-4085-ade7-d5f3a0ddd331}</UniqueIdentifier>
    </Filter>
    <Filter Include="Header Files\dll">
      <UniqueIdentifier>{640f55d2-34ac-42d6-a034-fbc8535108cb}</UniqueIdentifier>
    </Filter>
    <Filter Include="Header Files\time">
      <UniqueIdentifier>{b68c0ca0-9373-4182-bd79-06605fe393dd}</UniqueIdentifier>
    </Filter>
    <Filter Include="Header Files\UI">
      <UniqueIdentifier>{ee5133a2-e583-4d3c-85c5-ecaaf32a48de}</UniqueIdentifier>
    </Filter>
    <Filter Include="Source Files\time">
      <UniqueIdentifier>{ca6d3c67-9c85-4744-9b80-668689145424}</UniqueIdentifier>
    </Filter>
    <Filter Include="Header Files\cryptography">
      <UniqueIdentifier>{ddbaba64-5007-4b11-8e90-ef952ad1f0ce}</UniqueIdentifier>
    </Filter>
    <Filter Include="Source Files\cryptography">
      <UniqueIdentifier>{c8d870ac-18b0-4ca0-a595-b078dd30f89f}</UniqueIdentifier>
    </Filter>
  </ItemGroup>
  <ItemGroup>
    <ClInclude Include="include\cryptography.h">
      <Filter>Header Files</Filter>
    </ClInclude>
    <ClInclude Include="include\random.h">
      <Filter>Header Files</Filter>
    </ClInclude>
    <ClInclude Include="include\exception\failure.h">
      <Filter>Header Files\exception</Filter>
    </ClInclude>
    <ClInclude Include="include\exception\operation_failure.h">
      <Filter>Header Files\exception</Filter>
    </ClInclude>
    <ClInclude Include="include\exception\system_failure.h">
      <Filter>Header Files\exception</Filter>
    </ClInclude>
    <ClInclude Include="include\exception\windows_api_failure.h">
      <Filter>Header Files\exception</Filter>
    </ClInclude>
    <ClInclude Include="include\filesystem\crt_file.h">
      <Filter>Header Files\filesystem</Filter>
    </ClInclude>
    <ClInclude Include="include\filesystem\crt_file_system.h">
      <Filter>Header Files\filesystem</Filter>
    </ClInclude>
    <ClInclude Include="include\filesystem\driver.h">
      <Filter>Header Files\filesystem</Filter>
    </ClInclude>
    <ClInclude Include="include\filesystem\file.h">
      <Filter>Header Files\filesystem</Filter>
    </ClInclude>
    <ClInclude Include="include\filesystem\filesystem.h">
      <Filter>Header Files\filesystem</Filter>
    </ClInclude>
    <ClInclude Include="include\filesystem\split_path.h">
      <Filter>Header Files\filesystem</Filter>
    </ClInclude>
    <ClInclude Include="include\RAII\invalid_parameter_handler.h">
      <Filter>Header Files\RAII</Filter>
    </ClInclude>
    <ClInclude Include="include\RAII\crt_heap_memory.h">
      <Filter>Header Files\RAII</Filter>
    </ClInclude>
    <ClInclude Include="include\filesystem\crt_directory_control.h">
      <Filter>Header Files\filesystem</Filter>
    </ClInclude>
    <ClInclude Include="include\filesystem\directory_control.h">
      <Filter>Header Files\filesystem</Filter>
    </ClInclude>
    <ClInclude Include="include\filesystem\path.h">
      <Filter>Header Files\filesystem</Filter>
    </ClInclude>
    <ClInclude Include="include\convert.h">
      <Filter>Header Files</Filter>
    </ClInclude>
    <ClInclude Include="include\filesystem\in-memory_file_system.h">
      <Filter>Header Files\filesystem</Filter>
    </ClInclude>
    <ClInclude Include="include\exception\com_failure.h">
      <Filter>Header Files\exception</Filter>
    </ClInclude>
    <ClInclude Include="include\exception\wait_timeout.h">
      <Filter>Header Files\exception</Filter>
    </ClInclude>
    <ClInclude Include="include\filesystem\in-memory_file.h">
      <Filter>Header Files\filesystem</Filter>
    </ClInclude>
    <ClInclude Include="include\dll\get_module_handle.h">
      <Filter>Header Files\dll</Filter>
    </ClInclude>
    <ClInclude Include="include\filesystem\file_progress_handler.h">
      <Filter>Header Files\filesystem</Filter>
    </ClInclude>
    <ClInclude Include="include\filesystem\ordinary_file_remover.h">
      <Filter>Header Files\filesystem</Filter>
    </ClInclude>
    <ClInclude Include="include\filesystem\simple_overwrite_wiper.h">
      <Filter>Header Files\filesystem</Filter>
    </ClInclude>
    <ClInclude Include="include\filesystem\wiper.h">
      <Filter>Header Files\filesystem</Filter>
    </ClInclude>
    <ClInclude Include="include\RAII\com_initializer.h">
      <Filter>Header Files\RAII</Filter>
    </ClInclude>
    <ClInclude Include="include\RAII\com_task_memory.h">
      <Filter>Header Files\RAII</Filter>
    </ClInclude>
    <ClInclude Include="include\RAII\io_completion_port_handle.h">
      <Filter>Header Files\RAII</Filter>
    </ClInclude>
    <ClInclude Include="include\RAII\local_memory.h">
      <Filter>Header Files\RAII</Filter>
    </ClInclude>
    <ClInclude Include="include\RAII\variable_argument_list.h">
      <Filter>Header Files\RAII</Filter>
    </ClInclude>
    <ClInclude Include="include\RAII\windows_registry_key_handle.h">
      <Filter>Header Files\RAII</Filter>
    </ClInclude>
    <ClInclude Include="include\time\calendar_date.h">
      <Filter>Header Files\time</Filter>
    </ClInclude>
    <ClInclude Include="include\UI\controls.h">
      <Filter>Header Files\UI</Filter>
    </ClInclude>
    <ClInclude Include="include\UI\cursor.h">
      <Filter>Header Files\UI</Filter>
    </ClInclude>
    <ClInclude Include="include\UI\menu.h">
      <Filter>Header Files\UI</Filter>
    </ClInclude>
    <ClInclude Include="include\UI\notification_area.h">
      <Filter>Header Files\UI</Filter>
    </ClInclude>
    <ClInclude Include="include\character.h">
      <Filter>Header Files</Filter>
    </ClInclude>
    <ClInclude Include="include\format_string.h">
      <Filter>Header Files</Filter>
    </ClInclude>
    <ClInclude Include="include\io_completion_packet.h">
      <Filter>Header Files</Filter>
    </ClInclude>
    <ClInclude Include="include\io_completion_port.h">
      <Filter>Header Files</Filter>
    </ClInclude>
    <ClInclude Include="include\keywords.h">
      <Filter>Header Files</Filter>
    </ClInclude>
    <ClInclude Include="include\load_string.h">
      <Filter>Header Files</Filter>
    </ClInclude>
    <ClInclude Include="include\md5.h">
      <Filter>Header Files</Filter>
    </ClInclude>
    <ClInclude Include="include\module_context.h">
      <Filter>Header Files</Filter>
    </ClInclude>
    <ClInclude Include="include\progress_state.h">
      <Filter>Header Files</Filter>
    </ClInclude>
    <ClInclude Include="include\registry.h">
      <Filter>Header Files</Filter>
    </ClInclude>
    <ClInclude Include="include\registry_key.h">
      <Filter>Header Files</Filter>
    </ClInclude>
    <ClInclude Include="include\std.h">
      <Filter>Header Files</Filter>
    </ClInclude>
    <ClInclude Include="include\stdtypes.h">
      <Filter>Header Files</Filter>
    </ClInclude>
    <ClInclude Include="include\windows_registry.h">
      <Filter>Header Files</Filter>
    </ClInclude>
    <ClInclude Include="include\windows_registry_key.h">
      <Filter>Header Files</Filter>
    </ClInclude>
    <ClInclude Include="include\cryptography\hash.h">
      <Filter>Header Files\cryptography</Filter>
    </ClInclude>
    <ClInclude Include="include\cryptography\provider.h">
      <Filter>Header Files\cryptography</Filter>
    </ClInclude>
    <ClInclude Include="include\checksum.h">
      <Filter>Header Files</Filter>
    </ClInclude>
    <ClInclude Include="include\lock.h">
      <Filter>Header Files</Filter>
    </ClInclude>
  </ItemGroup>
  <ItemGroup>
    <ClCompile Include="source\cryptography.cpp">
      <Filter>Source Files</Filter>
    </ClCompile>
    <ClCompile Include="source\filesystem\crt_file_system.cpp">
      <Filter>Source Files\filesystem</Filter>
    </ClCompile>
    <ClCompile Include="source\filesystem\split_path.cpp">
      <Filter>Source Files\filesystem</Filter>
    </ClCompile>
    <ClCompile Include="source\filesystem\crt_file.cpp">
      <Filter>Source Files\filesystem</Filter>
    </ClCompile>
    <ClCompile Include="source\filesystem\file.cpp">
      <Filter>Source Files\filesystem</Filter>
    </ClCompile>
    <ClCompile Include="source\filesystem\filesystem.cpp">
      <Filter>Source Files\filesystem</Filter>
    </ClCompile>
    <ClCompile Include="source\filesystem\driver.cpp">
      <Filter>Source Files\filesystem</Filter>
    </ClCompile>
    <ClCompile Include="source\RAII\invalid_parameter_handler.cpp">
      <Filter>Source Files\RAII</Filter>
    </ClCompile>
    <ClCompile Include="source\exception\windows_api_failure.cpp">
      <Filter>Source Files\exception</Filter>
    </ClCompile>
    <ClCompile Include="source\exception\operation_failure.cpp">
      <Filter>Source Files\exception</Filter>
    </ClCompile>
    <ClCompile Include="source\exception\system_failure.cpp">
      <Filter>Source Files\exception</Filter>
    </ClCompile>
    <ClCompile Include="source\exception\failure.cpp">
      <Filter>Source Files\exception</Filter>
    </ClCompile>
    <ClCompile Include="source\random.cpp">
      <Filter>Source Files</Filter>
    </ClCompile>
    <ClCompile Include="source\registry.cpp">
      <Filter>Source Files</Filter>
    </ClCompile>
    <ClCompile Include="source\registry_key.cpp">
      <Filter>Source Files</Filter>
    </ClCompile>
    <ClCompile Include="source\windows_registry.cpp">
      <Filter>Source Files</Filter>
    </ClCompile>
    <ClCompile Include="source\load_string.cpp">
      <Filter>Source Files</Filter>
    </ClCompile>
    <ClCompile Include="source\module_context.cpp">
      <Filter>Source Files</Filter>
    </ClCompile>
    <ClCompile Include="source\windows_registry_key.cpp">
      <Filter>Source Files</Filter>
    </ClCompile>
    <ClCompile Include="source\dll\get_module_handle.cpp">
      <Filter>Source Files\dll</Filter>
    </ClCompile>
    <ClCompile Include="source\md5.cpp">
      <Filter>Source Files</Filter>
    </ClCompile>
    <ClCompile Include="source\RAII\windows_registry_key_handle.cpp">
      <Filter>Source Files\RAII</Filter>
    </ClCompile>
    <ClCompile Include="source\filesystem\file_progress_handler.cpp">
      <Filter>Source Files\filesystem</Filter>
    </ClCompile>
    <ClCompile Include="source\filesystem\ordinary_file_remover.cpp">
      <Filter>Source Files\filesystem</Filter>
    </ClCompile>
    <ClCompile Include="source\filesystem\simple_overwrite_wiper.cpp">
      <Filter>Source Files\filesystem</Filter>
    </ClCompile>
    <ClCompile Include="source\filesystem\wiper.cpp">
      <Filter>Source Files\filesystem</Filter>
    </ClCompile>
    <ClCompile Include="source\RAII\com_initializer.cpp">
      <Filter>Source Files\RAII</Filter>
    </ClCompile>
    <ClCompile Include="source\RAII\com_task_memory.cpp">
      <Filter>Source Files\RAII</Filter>
    </ClCompile>
    <ClCompile Include="source\filesystem\directory_control.cpp">
      <Filter>Source Files\filesystem</Filter>
    </ClCompile>
    <ClCompile Include="source\format_string.cpp">
      <Filter>Source Files</Filter>
    </ClCompile>
    <ClCompile Include="source\filesystem\crt_directory_control.cpp">
      <Filter>Source Files\filesystem</Filter>
    </ClCompile>
    <ClCompile Include="source\exception\com_failure.cpp">
      <Filter>Source Files\exception</Filter>
    </ClCompile>
    <ClCompile Include="source\RAII\crt_heap_memory.cpp">
      <Filter>Source Files\RAII</Filter>
    </ClCompile>
    <ClCompile Include="source\RAII\variable_argument_list.cpp">
      <Filter>Source Files\RAII</Filter>
    </ClCompile>
    <ClCompile Include="source\RAII\local_memory.cpp">
      <Filter>Source Files\RAII</Filter>
    </ClCompile>
    <ClCompile Include="source\UI\controls.cpp">
      <Filter>Source Files\UI</Filter>
    </ClCompile>
    <ClCompile Include="source\convert.cpp">
      <Filter>Source Files</Filter>
    </ClCompile>
    <ClCompile Include="source\filesystem\path.cpp">
      <Filter>Source Files\filesystem</Filter>
    </ClCompile>
    <ClCompile Include="source\filesystem\in-memory_file_system.cpp">
      <Filter>Source Files\filesystem</Filter>
    </ClCompile>
    <ClCompile Include="source\exception\wait_timeout.cpp">
      <Filter>Source Files\exception</Filter>
    </ClCompile>
    <ClCompile Include="source\filesystem\in-memory_file.cpp">
      <Filter>Source Files\filesystem</Filter>
    </ClCompile>
    <ClCompile Include="source\io_completion_port.cpp">
      <Filter>Source Files</Filter>
    </ClCompile>
    <ClCompile Include="source\filesystem\cpp_stream_file.cpp">
      <Filter>Source Files\filesystem</Filter>
    </ClCompile>
    <ClCompile Include="source\RAII\io_completion_port_handle.cpp">
      <Filter>Source Files\RAII</Filter>
    </ClCompile>
    <ClCompile Include="source\UI\cursor.cpp">
      <Filter>Source Files\UI</Filter>
    </ClCompile>
    <ClCompile Include="source\UI\menu.cpp">
      <Filter>Source Files\UI</Filter>
    </ClCompile>
    <ClCompile Include="source\UI\notification_area.cpp">
      <Filter>Source Files\UI</Filter>
    </ClCompile>
    <ClCompile Include="source\time\calendar_date.cpp">
      <Filter>Source Files\time</Filter>
    </ClCompile>
    <ClCompile Include="source\cryptography\hash.cpp">
      <Filter>Source Files\cryptography</Filter>
    </ClCompile>
    <ClCompile Include="source\cryptography\provider.cpp">
      <Filter>Source Files\cryptography</Filter>
    </ClCompile>
    <ClCompile Include="source\checksum.cpp">
      <Filter>Source Files</Filter>
    </ClCompile>
    <ClCompile Include="source\lock.cpp">
      <Filter>Source Files</Filter>
    </ClCompile>
  </ItemGroup>
</Project>