<?xml version="1.0" encoding="utf-8"?>
<Project ToolsVersion="4.0" xmlns="http://schemas.microsoft.com/developer/msbuild/2003">
  <ItemGroup>
    <Filter Include="Source Files">
      <UniqueIdentifier>{4FC737F1-C7A5-4376-A066-2A32D752A2FF}</UniqueIdentifier>
      <Extensions>cpp;c;cc;cxx;def;odl;idl;hpj;bat;asm;asmx</Extensions>
    </Filter>
    <Filter Include="Header Files">
      <UniqueIdentifier>{93995380-89BD-4b04-88EB-625FBE52EBFB}</UniqueIdentifier>
      <Extensions>h;hh;hpp;hxx;hm;inl;inc;xsd</Extensions>
    </Filter>
    <Filter Include="Resource Files">
      <UniqueIdentifier>{67DA6AB6-F800-4c08-8B7A-83BB121AAD01}</UniqueIdentifier>
      <Extensions>rc;ico;cur;bmp;dlg;rc2;rct;bin;rgs;gif;jpg;jpeg;jpe;resx;tiff;tif;png;wav;mfcribbon-ms</Extensions>
    </Filter>
    <Filter Include="Source Files\filesystem">
      <UniqueIdentifier>{31fdc4f2-ace7-4341-b2b1-4db74f3d0ec8}</UniqueIdentifier>
    </Filter>
    <Filter Include="Source Files\RAII">
      <UniqueIdentifier>{8a56c10a-eff1-4b85-9525-a1c9b346495c}</UniqueIdentifier>
    </Filter>
    <Filter Include="Source Files\exception">
      <UniqueIdentifier>{f65310bd-52b6-4b3f-ba19-33fa85da9f3a}</UniqueIdentifier>
    </Filter>
    <Filter Include="Header Files\exception">
      <UniqueIdentifier>{77bfb272-6487-4cbf-b940-062a62750aa8}</UniqueIdentifier>
    </Filter>
    <Filter Include="Header Files\filesystem">
      <UniqueIdentifier>{af97ebaa-cd70-4d71-a47f-f4d4a64d8ea9}</UniqueIdentifier>
    </Filter>
    <Filter Include="Header Files\RAII">
      <UniqueIdentifier>{1e025d74-36cd-4744-a46a-d96dbea21633}</UniqueIdentifier>
    </Filter>
  </ItemGroup>
  <ItemGroup>
    <Text Include="ReadMe.txt" />
  </ItemGroup>
  <ItemGroup>
    <ClInclude Include="include\cryptography.h">
      <Filter>Header Files</Filter>
    </ClInclude>
    <ClInclude Include="include\random.h">
      <Filter>Header Files</Filter>
    </ClInclude>
    <ClInclude Include="include\exception\failure.h">
      <Filter>Header Files\exception</Filter>
    </ClInclude>
    <ClInclude Include="include\exception\operation_failure.h">
      <Filter>Header Files\exception</Filter>
    </ClInclude>
    <ClInclude Include="include\exception\system_failure.h">
      <Filter>Header Files\exception</Filter>
    </ClInclude>
    <ClInclude Include="include\exception\windows_api_failure.h">
      <Filter>Header Files\exception</Filter>
    </ClInclude>
    <ClInclude Include="include\filesystem\crt_file.h">
      <Filter>Header Files\filesystem</Filter>
    </ClInclude>
    <ClInclude Include="include\filesystem\crt_file_system.h">
      <Filter>Header Files\filesystem</Filter>
    </ClInclude>
    <ClInclude Include="include\filesystem\driver.h">
      <Filter>Header Files\filesystem</Filter>
    </ClInclude>
    <ClInclude Include="include\filesystem\file.h">
      <Filter>Header Files\filesystem</Filter>
    </ClInclude>
    <ClInclude Include="include\filesystem\filesystem.h">
      <Filter>Header Files\filesystem</Filter>
    </ClInclude>
    <ClInclude Include="include\filesystem\split_path.h">
      <Filter>Header Files\filesystem</Filter>
    </ClInclude>
    <ClInclude Include="include\RAII\invalid_parameter_handler.h">
      <Filter>Header Files\RAII</Filter>
    </ClInclude>
  </ItemGroup>
  <ItemGroup>
    <ClCompile Include="source\cryptography.cpp">
      <Filter>Source Files</Filter>
    </ClCompile>
    <ClCompile Include="source\filesystem\crt_file_system.cpp">
      <Filter>Source Files\filesystem</Filter>
    </ClCompile>
    <ClCompile Include="source\filesystem\split_path.cpp">
      <Filter>Source Files\filesystem</Filter>
    </ClCompile>
    <ClCompile Include="source\filesystem\crt_file.cpp">
      <Filter>Source Files\filesystem</Filter>
    </ClCompile>
    <ClCompile Include="source\filesystem\file.cpp">
      <Filter>Source Files\filesystem</Filter>
    </ClCompile>
    <ClCompile Include="source\filesystem\filesystem.cpp">
      <Filter>Source Files\filesystem</Filter>
    </ClCompile>
    <ClCompile Include="source\filesystem\driver.cpp">
      <Filter>Source Files\filesystem</Filter>
    </ClCompile>
    <ClCompile Include="source\RAII\invalid_parameter_handler.cpp">
      <Filter>Source Files\RAII</Filter>
    </ClCompile>
    <ClCompile Include="source\exception\windows_api_failure.cpp">
      <Filter>Source Files\exception</Filter>
    </ClCompile>
    <ClCompile Include="source\exception\operation_failure.cpp">
      <Filter>Source Files\exception</Filter>
    </ClCompile>
    <ClCompile Include="source\exception\system_failure.cpp">
      <Filter>Source Files\exception</Filter>
    </ClCompile>
    <ClCompile Include="source\exception\failure.cpp">
      <Filter>Source Files\exception</Filter>
    </ClCompile>
    <ClCompile Include="source\random.cpp">
      <Filter>Source Files</Filter>
    </ClCompile>
  </ItemGroup>
</Project>